
Microsoft Visual Studio Solution File, Format Version 12.00
# Visual Studio Version 17
VisualStudioVersion = 17.2.32526.322
MinimumVisualStudioVersion = 10.0.40219.1
Project("{9A19103F-16F7-4668-BE54-9A1E7A4F7556}") = "EliteDangerous", "ViLA-EliteDangerous-Plugin\EliteDangerous.csproj", "{D2E736C9-746A-45F7-A298-4B6EE0B8A807}"
EndProject
Project("{2150E333-8FDC-42A3-9474-1A3956D46DE8}") = "Projektmappenelemente", "Projektmappenelemente", "{297FFCD4-26FE-40B4-9D91-B45976EB4AA1}"
	ProjectSection(SolutionItems) = preProject
		README.md = README.md
	EndProjectSection
EndProject
Global
	GlobalSection(SolutionConfigurationPlatforms) = preSolution
		Debug|Any CPU = Debug|Any CPU
		Release|Any CPU = Release|Any CPU
	EndGlobalSection
	GlobalSection(ProjectConfigurationPlatforms) = postSolution
		{D2E736C9-746A-45F7-A298-4B6EE0B8A807}.Debug|Any CPU.ActiveCfg = Debug|Any CPU
		{D2E736C9-746A-45F7-A298-4B6EE0B8A807}.Debug|Any CPU.Build.0 = Debug|Any CPU
		{D2E736C9-746A-45F7-A298-4B6EE0B8A807}.Release|Any CPU.ActiveCfg = Release|Any CPU
		{D2E736C9-746A-45F7-A298-4B6EE0B8A807}.Release|Any CPU.Build.0 = Release|Any CPU
	EndGlobalSection
	GlobalSection(SolutionProperties) = preSolution
		HideSolutionNode = FALSE
	EndGlobalSection
	GlobalSection(ExtensibilityGlobals) = postSolution
		SolutionGuid = {6A750031-1F4B-4D96-B628-E176D94B68BF}
	EndGlobalSection
EndGlobal
